
Microsoft Visual Studio Solution File, Format Version 12.00
# Visual Studio Version 16
VisualStudioVersion = 16.0.32428.217
MinimumVisualStudioVersion = 10.0.40219.1
Project("{FAE04EC0-301F-11D3-BF4B-00C04F79EFBC}") = "EHealthCare", "EHealthCare\EHealthCare.csproj", "{5D5AFE34-71C5-42C8-B5EB-905FA3551EAF}"
EndProject
Global
	GlobalSection(SolutionConfigurationPlatforms) = preSolution
		Debug|Any CPU = Debug|Any CPU
		Release|Any CPU = Release|Any CPU
	EndGlobalSection
	GlobalSection(ProjectConfigurationPlatforms) = postSolution
		{5D5AFE34-71C5-42C8-B5EB-905FA3551EAF}.Debug|Any CPU.ActiveCfg = Debug|Any CPU
		{5D5AFE34-71C5-42C8-B5EB-905FA3551EAF}.Debug|Any CPU.Build.0 = Debug|Any CPU
		{5D5AFE34-71C5-42C8-B5EB-905FA3551EAF}.Release|Any CPU.ActiveCfg = Release|Any CPU
		{5D5AFE34-71C5-42C8-B5EB-905FA3551EAF}.Release|Any CPU.Build.0 = Release|Any CPU
	EndGlobalSection
	GlobalSection(SolutionProperties) = preSolution
		HideSolutionNode = FALSE
	EndGlobalSection
	GlobalSection(ExtensibilityGlobals) = postSolution
		SolutionGuid = {E63C988C-2C92-4F01-9A7D-CFC681E76E30}
	EndGlobalSection
EndGlobal
